
Microsoft Visual Studio Solution File, Format Version 12.00
# Visual Studio Version 16
VisualStudioVersion = 16.0.28729.10
MinimumVisualStudioVersion = 10.0.40219.1
Project("{F2A71F9B-5D33-465A-A702-920D77279786}") = "space_invaders_monogame_fsharp", "space_invaders_monogame_fsharp.fsproj", "{8ED8801B-985C-4365-A0A2-07F540EE4FAC}"
EndProject
Global
	GlobalSection(SolutionConfigurationPlatforms) = preSolution
		Debug|Any CPU = Debug|Any CPU
		Release|Any CPU = Release|Any CPU
	EndGlobalSection
	GlobalSection(ProjectConfigurationPlatforms) = postSolution
		{8ED8801B-985C-4365-A0A2-07F540EE4FAC}.Debug|Any CPU.ActiveCfg = Debug|Any CPU
		{8ED8801B-985C-4365-A0A2-07F540EE4FAC}.Debug|Any CPU.Build.0 = Debug|Any CPU
		{8ED8801B-985C-4365-A0A2-07F540EE4FAC}.Release|Any CPU.ActiveCfg = Release|Any CPU
		{8ED8801B-985C-4365-A0A2-07F540EE4FAC}.Release|Any CPU.Build.0 = Release|Any CPU
	EndGlobalSection
	GlobalSection(SolutionProperties) = preSolution
		HideSolutionNode = FALSE
	EndGlobalSection
	GlobalSection(ExtensibilityGlobals) = postSolution
		SolutionGuid = {ED3AB24A-40F3-4DC3-BB8C-2C9237AFD2ED}
	EndGlobalSection
EndGlobal
