
Microsoft Visual Studio Solution File, Format Version 12.00
# Visual Studio Version 16
VisualStudioVersion = 16.0.28721.148
MinimumVisualStudioVersion = 10.0.40219.1
Project("{8BC9CEB8-8B4A-11D0-8D11-00A0C91BC942}") = "sfml2-space-invaders-master", "sfml2-space-invaders-master.vcxproj", "{2A2BBDAA-A656-43FD-8C88-9632FE93262B}"
EndProject
Global
	GlobalSection(SolutionConfigurationPlatforms) = preSolution
		Debug|x64 = Debug|x64
		Debug|x86 = Debug|x86
		Release|x64 = Release|x64
		Release|x86 = Release|x86
	EndGlobalSection
	GlobalSection(ProjectConfigurationPlatforms) = postSolution
		{2A2BBDAA-A656-43FD-8C88-9632FE93262B}.Debug|x64.ActiveCfg = Debug|x64
		{2A2BBDAA-A656-43FD-8C88-9632FE93262B}.Debug|x64.Build.0 = Debug|x64
		{2A2BBDAA-A656-43FD-8C88-9632FE93262B}.Debug|x86.ActiveCfg = Debug|Win32
		{2A2BBDAA-A656-43FD-8C88-9632FE93262B}.Debug|x86.Build.0 = Debug|Win32
		{2A2BBDAA-A656-43FD-8C88-9632FE93262B}.Release|x64.ActiveCfg = Release|x64
		{2A2BBDAA-A656-43FD-8C88-9632FE93262B}.Release|x64.Build.0 = Release|x64
		{2A2BBDAA-A656-43FD-8C88-9632FE93262B}.Release|x86.ActiveCfg = Release|Win32
		{2A2BBDAA-A656-43FD-8C88-9632FE93262B}.Release|x86.Build.0 = Release|Win32
	EndGlobalSection
	GlobalSection(SolutionProperties) = preSolution
		HideSolutionNode = FALSE
	EndGlobalSection
	GlobalSection(ExtensibilityGlobals) = postSolution
		SolutionGuid = {14FFC989-BD63-43F3-A4BC-1A1898587FE0}
	EndGlobalSection
EndGlobal
